
Microsoft Visual Studio Solution File, Format Version 12.00
# Visual Studio Version 17
VisualStudioVersion = 17.0.31903.59
MinimumVisualStudioVersion = 10.0.40219.1
Project("{FAE04EC0-301F-11D3-BF4B-00C04F79EFBC}") = "Devantler.Commons.StringHelpers", "src\Devantler.Commons.StringHelpers\Devantler.Commons.StringHelpers.csproj", "{B60E47DD-B03E-426E-ABAB-697D9430FB16}"
EndProject
Project("{FAE04EC0-301F-11D3-BF4B-00C04F79EFBC}") = "Devantler.Commons.StringHelpers.Tests.Unit", "tests\Devantler.Commons.StringHelpers.Tests.Unit\Devantler.Commons.StringHelpers.Tests.Unit.csproj", "{DBED0DFF-A303-4408-A457-937EEC439300}"
EndProject
Project("{2150E333-8FDC-42A3-9474-1A3956D46DE8}") = "src", "src", "{A9435505-9972-4D9C-BEE4-DCC8DCAB290F}"
EndProject
Project("{2150E333-8FDC-42A3-9474-1A3956D46DE8}") = "tests", "tests", "{72326D0F-9CD1-4424-A12B-D3B5DCC0649D}"
EndProject
Project("{FAE04EC0-301F-11D3-BF4B-00C04F79EFBC}") = "Devantler.Commons.CodeGen.CSharp", "src\Devantler.Commons.CodeGen.CSharp\Devantler.Commons.CodeGen.CSharp.csproj", "{077F5105-1F89-42F1-82B1-272CCD96A29F}"
EndProject
Project("{FAE04EC0-301F-11D3-BF4B-00C04F79EFBC}") = "Devantler.Commons.CodeGen.Core", "src\Devantler.Commons.CodeGen.Core\Devantler.Commons.CodeGen.Core.csproj", "{E898D8AA-BAA6-474E-85BA-DC05DAD10CB1}"
EndProject
Project("{FAE04EC0-301F-11D3-BF4B-00C04F79EFBC}") = "Devantler.Commons.CodeGen.CSharp.Tests.Unit", "tests\Devantler.Commons.CodeGen.CSharp.Tests.Unit\Devantler.Commons.CodeGen.CSharp.Tests.Unit.csproj", "{526E3606-1B3E-427A-85E5-3EEE4F97042B}"
EndProject
Project("{FAE04EC0-301F-11D3-BF4B-00C04F79EFBC}") = "Devantler.Commons.CodeGen.Mapping.Avro", "src\Devantler.Commons.CodeGen.Mapping.AvroSchema\Devantler.Commons.CodeGen.Mapping.Avro.csproj", "{92290606-E7DC-4E4D-8DBD-71B7EBD6736B}"
EndProject
Project("{2150E333-8FDC-42A3-9474-1A3956D46DE8}") = "Devantler.Commons.CodeGen", "Devantler.Commons.CodeGen", "{93C3AC5E-F5D4-470E-BCAB-90E296E652FA}"
EndProject
Global
	GlobalSection(SolutionProperties) = preSolution
		HideSolutionNode = FALSE
	EndGlobalSection
	GlobalSection(NestedProjects) = preSolution
		{93C3AC5E-F5D4-470E-BCAB-90E296E652FA} = {A9435505-9972-4D9C-BEE4-DCC8DCAB290F}
		{DBED0DFF-A303-4408-A457-937EEC439300} = {72326D0F-9CD1-4424-A12B-D3B5DCC0649D}
		{B60E47DD-B03E-426E-ABAB-697D9430FB16} = {A9435505-9972-4D9C-BEE4-DCC8DCAB290F}
		{077F5105-1F89-42F1-82B1-272CCD96A29F} = {93C3AC5E-F5D4-470E-BCAB-90E296E652FA}
		{E898D8AA-BAA6-474E-85BA-DC05DAD10CB1} = {93C3AC5E-F5D4-470E-BCAB-90E296E652FA}
		{526E3606-1B3E-427A-85E5-3EEE4F97042B} = {72326D0F-9CD1-4424-A12B-D3B5DCC0649D}
		{92290606-E7DC-4E4D-8DBD-71B7EBD6736B} = {93C3AC5E-F5D4-470E-BCAB-90E296E652FA}
	EndGlobalSection
	GlobalSection(SolutionConfigurationPlatforms) = preSolution
		Debug|Any CPU = Debug|Any CPU
		Debug|x64 = Debug|x64
		Debug|x86 = Debug|x86
		Release|Any CPU = Release|Any CPU
		Release|x64 = Release|x64
		Release|x86 = Release|x86
	EndGlobalSection
	GlobalSection(ProjectConfigurationPlatforms) = postSolution
		{B60E47DD-B03E-426E-ABAB-697D9430FB16}.Debug|Any CPU.ActiveCfg = Debug|Any CPU
		{B60E47DD-B03E-426E-ABAB-697D9430FB16}.Debug|Any CPU.Build.0 = Debug|Any CPU
		{B60E47DD-B03E-426E-ABAB-697D9430FB16}.Debug|x64.ActiveCfg = Debug|Any CPU
		{B60E47DD-B03E-426E-ABAB-697D9430FB16}.Debug|x64.Build.0 = Debug|Any CPU
		{B60E47DD-B03E-426E-ABAB-697D9430FB16}.Debug|x86.ActiveCfg = Debug|Any CPU
		{B60E47DD-B03E-426E-ABAB-697D9430FB16}.Debug|x86.Build.0 = Debug|Any CPU
		{B60E47DD-B03E-426E-ABAB-697D9430FB16}.Release|Any CPU.ActiveCfg = Release|Any CPU
		{B60E47DD-B03E-426E-ABAB-697D9430FB16}.Release|Any CPU.Build.0 = Release|Any CPU
		{B60E47DD-B03E-426E-ABAB-697D9430FB16}.Release|x64.ActiveCfg = Release|Any CPU
		{B60E47DD-B03E-426E-ABAB-697D9430FB16}.Release|x64.Build.0 = Release|Any CPU
		{B60E47DD-B03E-426E-ABAB-697D9430FB16}.Release|x86.ActiveCfg = Release|Any CPU
		{B60E47DD-B03E-426E-ABAB-697D9430FB16}.Release|x86.Build.0 = Release|Any CPU
		{DBED0DFF-A303-4408-A457-937EEC439300}.Debug|Any CPU.ActiveCfg = Debug|Any CPU
		{DBED0DFF-A303-4408-A457-937EEC439300}.Debug|Any CPU.Build.0 = Debug|Any CPU
		{DBED0DFF-A303-4408-A457-937EEC439300}.Debug|x64.ActiveCfg = Debug|Any CPU
		{DBED0DFF-A303-4408-A457-937EEC439300}.Debug|x64.Build.0 = Debug|Any CPU
		{DBED0DFF-A303-4408-A457-937EEC439300}.Debug|x86.ActiveCfg = Debug|Any CPU
		{DBED0DFF-A303-4408-A457-937EEC439300}.Debug|x86.Build.0 = Debug|Any CPU
		{DBED0DFF-A303-4408-A457-937EEC439300}.Release|Any CPU.ActiveCfg = Release|Any CPU
		{DBED0DFF-A303-4408-A457-937EEC439300}.Release|Any CPU.Build.0 = Release|Any CPU
		{DBED0DFF-A303-4408-A457-937EEC439300}.Release|x64.ActiveCfg = Release|Any CPU
		{DBED0DFF-A303-4408-A457-937EEC439300}.Release|x64.Build.0 = Release|Any CPU
		{DBED0DFF-A303-4408-A457-937EEC439300}.Release|x86.ActiveCfg = Release|Any CPU
		{DBED0DFF-A303-4408-A457-937EEC439300}.Release|x86.Build.0 = Release|Any CPU
		{077F5105-1F89-42F1-82B1-272CCD96A29F}.Debug|Any CPU.ActiveCfg = Debug|Any CPU
		{077F5105-1F89-42F1-82B1-272CCD96A29F}.Debug|Any CPU.Build.0 = Debug|Any CPU
		{077F5105-1F89-42F1-82B1-272CCD96A29F}.Debug|x64.ActiveCfg = Debug|Any CPU
		{077F5105-1F89-42F1-82B1-272CCD96A29F}.Debug|x64.Build.0 = Debug|Any CPU
		{077F5105-1F89-42F1-82B1-272CCD96A29F}.Debug|x86.ActiveCfg = Debug|Any CPU
		{077F5105-1F89-42F1-82B1-272CCD96A29F}.Debug|x86.Build.0 = Debug|Any CPU
		{077F5105-1F89-42F1-82B1-272CCD96A29F}.Release|Any CPU.ActiveCfg = Release|Any CPU
		{077F5105-1F89-42F1-82B1-272CCD96A29F}.Release|Any CPU.Build.0 = Release|Any CPU
		{077F5105-1F89-42F1-82B1-272CCD96A29F}.Release|x64.ActiveCfg = Release|Any CPU
		{077F5105-1F89-42F1-82B1-272CCD96A29F}.Release|x64.Build.0 = Release|Any CPU
		{077F5105-1F89-42F1-82B1-272CCD96A29F}.Release|x86.ActiveCfg = Release|Any CPU
		{077F5105-1F89-42F1-82B1-272CCD96A29F}.Release|x86.Build.0 = Release|Any CPU
		{E898D8AA-BAA6-474E-85BA-DC05DAD10CB1}.Debug|Any CPU.ActiveCfg = Debug|Any CPU
		{E898D8AA-BAA6-474E-85BA-DC05DAD10CB1}.Debug|Any CPU.Build.0 = Debug|Any CPU
		{E898D8AA-BAA6-474E-85BA-DC05DAD10CB1}.Debug|x64.ActiveCfg = Debug|Any CPU
		{E898D8AA-BAA6-474E-85BA-DC05DAD10CB1}.Debug|x64.Build.0 = Debug|Any CPU
		{E898D8AA-BAA6-474E-85BA-DC05DAD10CB1}.Debug|x86.ActiveCfg = Debug|Any CPU
		{E898D8AA-BAA6-474E-85BA-DC05DAD10CB1}.Debug|x86.Build.0 = Debug|Any CPU
		{E898D8AA-BAA6-474E-85BA-DC05DAD10CB1}.Release|Any CPU.ActiveCfg = Release|Any CPU
		{E898D8AA-BAA6-474E-85BA-DC05DAD10CB1}.Release|Any CPU.Build.0 = Release|Any CPU
		{E898D8AA-BAA6-474E-85BA-DC05DAD10CB1}.Release|x64.ActiveCfg = Release|Any CPU
		{E898D8AA-BAA6-474E-85BA-DC05DAD10CB1}.Release|x64.Build.0 = Release|Any CPU
		{E898D8AA-BAA6-474E-85BA-DC05DAD10CB1}.Release|x86.ActiveCfg = Release|Any CPU
		{E898D8AA-BAA6-474E-85BA-DC05DAD10CB1}.Release|x86.Build.0 = Release|Any CPU
		{526E3606-1B3E-427A-85E5-3EEE4F97042B}.Debug|Any CPU.ActiveCfg = Debug|Any CPU
		{526E3606-1B3E-427A-85E5-3EEE4F97042B}.Debug|Any CPU.Build.0 = Debug|Any CPU
		{526E3606-1B3E-427A-85E5-3EEE4F97042B}.Debug|x64.ActiveCfg = Debug|Any CPU
		{526E3606-1B3E-427A-85E5-3EEE4F97042B}.Debug|x64.Build.0 = Debug|Any CPU
		{526E3606-1B3E-427A-85E5-3EEE4F97042B}.Debug|x86.ActiveCfg = Debug|Any CPU
		{526E3606-1B3E-427A-85E5-3EEE4F97042B}.Debug|x86.Build.0 = Debug|Any CPU
		{526E3606-1B3E-427A-85E5-3EEE4F97042B}.Release|Any CPU.ActiveCfg = Release|Any CPU
		{526E3606-1B3E-427A-85E5-3EEE4F97042B}.Release|Any CPU.Build.0 = Release|Any CPU
		{526E3606-1B3E-427A-85E5-3EEE4F97042B}.Release|x64.ActiveCfg = Release|Any CPU
		{526E3606-1B3E-427A-85E5-3EEE4F97042B}.Release|x64.Build.0 = Release|Any CPU
		{526E3606-1B3E-427A-85E5-3EEE4F97042B}.Release|x86.ActiveCfg = Release|Any CPU
		{526E3606-1B3E-427A-85E5-3EEE4F97042B}.Release|x86.Build.0 = Release|Any CPU
		{92290606-E7DC-4E4D-8DBD-71B7EBD6736B}.Debug|Any CPU.ActiveCfg = Debug|Any CPU
		{92290606-E7DC-4E4D-8DBD-71B7EBD6736B}.Debug|Any CPU.Build.0 = Debug|Any CPU
		{92290606-E7DC-4E4D-8DBD-71B7EBD6736B}.Debug|x64.ActiveCfg = Debug|Any CPU
		{92290606-E7DC-4E4D-8DBD-71B7EBD6736B}.Debug|x64.Build.0 = Debug|Any CPU
		{92290606-E7DC-4E4D-8DBD-71B7EBD6736B}.Debug|x86.ActiveCfg = Debug|Any CPU
		{92290606-E7DC-4E4D-8DBD-71B7EBD6736B}.Debug|x86.Build.0 = Debug|Any CPU
		{92290606-E7DC-4E4D-8DBD-71B7EBD6736B}.Release|Any CPU.ActiveCfg = Release|Any CPU
		{92290606-E7DC-4E4D-8DBD-71B7EBD6736B}.Release|Any CPU.Build.0 = Release|Any CPU
		{92290606-E7DC-4E4D-8DBD-71B7EBD6736B}.Release|x64.ActiveCfg = Release|Any CPU
		{92290606-E7DC-4E4D-8DBD-71B7EBD6736B}.Release|x64.Build.0 = Release|Any CPU
		{92290606-E7DC-4E4D-8DBD-71B7EBD6736B}.Release|x86.ActiveCfg = Release|Any CPU
		{92290606-E7DC-4E4D-8DBD-71B7EBD6736B}.Release|x86.Build.0 = Release|Any CPU
	EndGlobalSection
EndGlobal
