
Microsoft Visual Studio Solution File, Format Version 12.00
# Visual Studio Version 17
VisualStudioVersion = 17.0.31903.59
MinimumVisualStudioVersion = 10.0.40219.1
Project("{FAE04EC0-301F-11D3-BF4B-00C04F79EFBC}") = "Devantler.Commons.StringHelpers", "src\Devantler.Commons.StringHelpers\Devantler.Commons.StringHelpers.csproj", "{B60E47DD-B03E-426E-ABAB-697D9430FB16}"
EndProject
Project("{FAE04EC0-301F-11D3-BF4B-00C04F79EFBC}") = "Devantler.Commons.StringHelpers.Tests.Unit", "tests\Devantler.Commons.StringHelpers.Tests.Unit\Devantler.Commons.StringHelpers.Tests.Unit.csproj", "{DBED0DFF-A303-4408-A457-937EEC439300}"
EndProject
Global
	GlobalSection(SolutionProperties) = preSolution
		HideSolutionNode = FALSE
	EndGlobalSection
	GlobalSection(NestedProjects) = preSolution
	EndGlobalSection
	GlobalSection(SolutionConfigurationPlatforms) = preSolution
		Debug|Any CPU = Debug|Any CPU
		Debug|x64 = Debug|x64
		Debug|x86 = Debug|x86
		Release|Any CPU = Release|Any CPU
		Release|x64 = Release|x64
		Release|x86 = Release|x86
	EndGlobalSection
	GlobalSection(ProjectConfigurationPlatforms) = postSolution
		{B60E47DD-B03E-426E-ABAB-697D9430FB16}.Debug|Any CPU.ActiveCfg = Debug|Any CPU
		{B60E47DD-B03E-426E-ABAB-697D9430FB16}.Debug|Any CPU.Build.0 = Debug|Any CPU
		{B60E47DD-B03E-426E-ABAB-697D9430FB16}.Debug|x64.ActiveCfg = Debug|Any CPU
		{B60E47DD-B03E-426E-ABAB-697D9430FB16}.Debug|x64.Build.0 = Debug|Any CPU
		{B60E47DD-B03E-426E-ABAB-697D9430FB16}.Debug|x86.ActiveCfg = Debug|Any CPU
		{B60E47DD-B03E-426E-ABAB-697D9430FB16}.Debug|x86.Build.0 = Debug|Any CPU
		{B60E47DD-B03E-426E-ABAB-697D9430FB16}.Release|Any CPU.ActiveCfg = Release|Any CPU
		{B60E47DD-B03E-426E-ABAB-697D9430FB16}.Release|Any CPU.Build.0 = Release|Any CPU
		{B60E47DD-B03E-426E-ABAB-697D9430FB16}.Release|x64.ActiveCfg = Release|Any CPU
		{B60E47DD-B03E-426E-ABAB-697D9430FB16}.Release|x64.Build.0 = Release|Any CPU
		{B60E47DD-B03E-426E-ABAB-697D9430FB16}.Release|x86.ActiveCfg = Release|Any CPU
		{B60E47DD-B03E-426E-ABAB-697D9430FB16}.Release|x86.Build.0 = Release|Any CPU
		{DBED0DFF-A303-4408-A457-937EEC439300}.Debug|Any CPU.ActiveCfg = Debug|Any CPU
		{DBED0DFF-A303-4408-A457-937EEC439300}.Debug|Any CPU.Build.0 = Debug|Any CPU
		{DBED0DFF-A303-4408-A457-937EEC439300}.Debug|x64.ActiveCfg = Debug|Any CPU
		{DBED0DFF-A303-4408-A457-937EEC439300}.Debug|x64.Build.0 = Debug|Any CPU
		{DBED0DFF-A303-4408-A457-937EEC439300}.Debug|x86.ActiveCfg = Debug|Any CPU
		{DBED0DFF-A303-4408-A457-937EEC439300}.Debug|x86.Build.0 = Debug|Any CPU
		{DBED0DFF-A303-4408-A457-937EEC439300}.Release|Any CPU.ActiveCfg = Release|Any CPU
		{DBED0DFF-A303-4408-A457-937EEC439300}.Release|Any CPU.Build.0 = Release|Any CPU
		{DBED0DFF-A303-4408-A457-937EEC439300}.Release|x64.ActiveCfg = Release|Any CPU
		{DBED0DFF-A303-4408-A457-937EEC439300}.Release|x64.Build.0 = Release|Any CPU
		{DBED0DFF-A303-4408-A457-937EEC439300}.Release|x86.ActiveCfg = Release|Any CPU
		{DBED0DFF-A303-4408-A457-937EEC439300}.Release|x86.Build.0 = Release|Any CPU
	EndGlobalSection
EndGlobal
